{
  "name": "@jetlinks/external-plugin-sdk",
  "version": "1.0.0-alpha.1",
  "lockfileVersion": 1,
  "requires": true,
  "dependencies": {
    "@types/node": {
      "version": "24.13.3",
      "resolved": "https://registry.npmjs.org/@types/node/-/node-24.13.3.tgz",
      "integrity": "sha512-Dh8vAsV36ig5wa9OX4pXvMc9D3Veibfw2wix0CUwYODLD8nkj9UsLjASr49nPg+2eKzxhBV+v7L8pXvT4e639Q==",
      "dev": true,
      "requires": {
        "undici-types": "~7.18.0"
      }
    },
    "rsocket-core": {
      "version": "0.0.27",
      "resolved": "https://registry.npmjs.org/rsocket-core/-/rsocket-core-0.0.27.tgz",
      "integrity": "sha512-q/+8PY0BIPvwXb6jPsnKCdyUKFusrm4JDzWnxbW1Ywu2sG/suv28/+mHC7kRGtMnRsxsLAWnqsmI6EznTabItA==",
      "requires": {
        "rsocket-flowable": "^0.0.27",
        "rsocket-types": "^0.0.27"
      }
    },
    "rsocket-flowable": {
      "version": "0.0.27",
      "resolved": "https://registry.npmjs.org/rsocket-flowable/-/rsocket-flowable-0.0.27.tgz",
      "integrity": "sha512-I/1vETXP+qCfGFeMY8i+QLhyBpcEj0nDmWnP2vh7lDyOBNT9LjAiY6kigUzEHbfhoNe3vnJWYK6uCzxIsi622Q=="
    },
    "rsocket-tcp-client": {
      "version": "0.0.27",
      "resolved": "https://registry.npmjs.org/rsocket-tcp-client/-/rsocket-tcp-client-0.0.27.tgz",
      "integrity": "sha512-qT3D2npQJf/ZkMZY0qbeJOpYY03J2fNwzNhDFGqmOP9DLGHEhPLUU9X8m8frPxBCIskAfKX0WgNeHZx5VS5GmA==",
      "requires": {
        "rsocket-core": "^0.0.27",
        "rsocket-flowable": "^0.0.27",
        "rsocket-types": "^0.0.27"
      }
    },
    "rsocket-tcp-server": {
      "version": "0.0.27",
      "resolved": "https://registry.npmjs.org/rsocket-tcp-server/-/rsocket-tcp-server-0.0.27.tgz",
      "integrity": "sha512-hN5m174jWnn7gwADJvuTo4z7dtWJT6U6wpwlHXVT7fiXsBzWD20Djc+G5ryQWVaB9Fy1SiTtEchNPZM08hxOnw==",
      "requires": {
        "rsocket-core": "^0.0.27",
        "rsocket-flowable": "^0.0.27",
        "rsocket-tcp-client": "^0.0.27",
        "rsocket-types": "^0.0.27"
      }
    },
    "rsocket-types": {
      "version": "0.0.27",
      "resolved": "https://registry.npmjs.org/rsocket-types/-/rsocket-types-0.0.27.tgz",
      "integrity": "sha512-88vgA+d31a6wW5YP63jQZ0CqZ3DALtH4oCbuMtIcNy28m1kDYGPZunhsnw+YC/XtjOqb5hKhn10ZQm7OK2xc1g==",
      "requires": {
        "rsocket-flowable": "^0.0.27"
      }
    },
    "typescript": {
      "version": "5.9.3",
      "resolved": "https://registry.npmjs.org/typescript/-/typescript-5.9.3.tgz",
      "integrity": "sha512-jl1vZzPDinLr9eUt3J/t7V6FgNEw9QjvBPdysz9KfQDD41fQrC2Y4vKQdiaUpFT4bXlb1RHhLpp8wtm6M5TgSw==",
      "dev": true
    },
    "undici-types": {
      "version": "7.18.2",
      "resolved": "https://registry.npmjs.org/undici-types/-/undici-types-7.18.2.tgz",
      "integrity": "sha512-AsuCzffGHJybSaRrmr5eHr81mwJU3kjw6M+uprWvCXiNeN9SOGwQ3Jn8jb8m3Z6izVgknn1R0FTCEAP2QrLY/w==",
      "dev": true
    }
  }
}
